// !$*UTF8*$!
{
	archiveVersion = 1;
	classes = {
	};
	objectVersion = 52;
	objects = {

/* Begin PBXAggregateTarget section */
		B504E6661A89690C001B414B /* Combined Framework */ = {
			isa = PBXAggregateTarget;
			buildConfigurationList = B504E6671A89690C001B414B /* Build configuration list for PBXAggregateTarget "Combined Framework" */;
			buildPhases = (
				B504E66B1A89698A001B414B /* ShellScript */,
			);
			dependencies = (
			);
			name = "Combined Framework";
			productName = "Combined Framework";
		};
/* End PBXAggregateTarget section */

/* Begin PBXBuildFile section */
		B5088B5C21CDC36300A1446C /* archived_response.dat in Resources */ = {isa = PBXBuildFile; fileRef = B5088B5321CDC36200A1446C /* archived_response.dat */; };
		B5088B5D21CDC36300A1446C /* archived_response.dat in Resources */ = {isa = PBXBuildFile; fileRef = B5088B5321CDC36200A1446C /* archived_response.dat */; };
		B5088BEE21CDE14F00A1446C /* AppDelegate.swift in Sources */ = {isa = PBXBuildFile; fileRef = B5088BED21CDE14F00A1446C /* AppDelegate.swift */; };
		B5088BF021CDE15000A1446C /* Assets.xcassets in Resources */ = {isa = PBXBuildFile; fileRef = B5088BEF21CDE15000A1446C /* Assets.xcassets */; };
		B5088BF321CDE15000A1446C /* MainMenu.xib in Resources */ = {isa = PBXBuildFile; fileRef = B5088BF121CDE15000A1446C /* MainMenu.xib */; };
		B5088C0021CDE18400A1446C /* HTMLArchiving.framework in Embed Frameworks */ = {isa = PBXBuildFile; fileRef = B504E6AF1A898110001B414B /* HTMLArchiving.framework */; settings = {ATTRIBUTES = (CodeSignOnCopy, RemoveHeadersOnCopy, ); }; };
		B515E0BA22FB9634002C6DBD /* ParseHTML.h in Headers */ = {isa = PBXBuildFile; fileRef = B515E0B822FB9634002C6DBD /* ParseHTML.h */; settings = {ATTRIBUTES = (Public, ); }; };
		B515E0BE22FB965F002C6DBD /* CSSParser.m in Sources */ = {isa = PBXBuildFile; fileRef = B5088AEE21CDC1B300A1446C /* CSSParser.m */; };
		B515E0BF22FB965F002C6DBD /* CSSTokens.m in Sources */ = {isa = PBXBuildFile; fileRef = B5088AEF21CDC1B300A1446C /* CSSTokens.m */; };
		B515E0C022FB965F002C6DBD /* CSSParser.h in Headers */ = {isa = PBXBuildFile; fileRef = B5088AF021CDC1B300A1446C /* CSSParser.h */; };
		B515E0C122FB965F002C6DBD /* CSSTokens.h in Headers */ = {isa = PBXBuildFile; fileRef = B5088AF121CDC1B300A1446C /* CSSTokens.h */; };
		B515E0C222FB965F002C6DBD /* CSSTokenizer.m in Sources */ = {isa = PBXBuildFile; fileRef = B5088AF221CDC1B300A1446C /* CSSTokenizer.m */; };
		B515E0C322FB965F002C6DBD /* HTMLParser.m in Sources */ = {isa = PBXBuildFile; fileRef = B5088AC621CDC1B200A1446C /* HTMLParser.m */; };
		B515E0C422FB965F002C6DBD /* NSString+HTMLEntities.h in Headers */ = {isa = PBXBuildFile; fileRef = B5088AC721CDC1B200A1446C /* NSString+HTMLEntities.h */; };
		B515E0C522FB965F002C6DBD /* HTMLSerialization.h in Headers */ = {isa = PBXBuildFile; fileRef = B5088AC821CDC1B200A1446C /* HTMLSerialization.h */; };
		B515E0C622FB965F002C6DBD /* HTMLTextNode.m in Sources */ = {isa = PBXBuildFile; fileRef = B5088AC921CDC1B200A1446C /* HTMLTextNode.m */; };
		B515E0C722FB965F002C6DBD /* HTMLString.h in Headers */ = {isa = PBXBuildFile; fileRef = B5088ACA21CDC1B200A1446C /* HTMLString.h */; };
		B515E0C822FB965F002C6DBD /* HTMLQuirksMode.h in Headers */ = {isa = PBXBuildFile; fileRef = B5088ACB21CDC1B200A1446C /* HTMLQuirksMode.h */; settings = {ATTRIBUTES = (Public, ); }; };
		B515E0C922FB965F002C6DBD /* HTMLElement.h in Headers */ = {isa = PBXBuildFile; fileRef = B5088ACC21CDC1B200A1446C /* HTMLElement.h */; settings = {ATTRIBUTES = (Public, ); }; };
		B515E0CA22FB965F002C6DBD /* HTMLEncoding.h in Headers */ = {isa = PBXBuildFile; fileRef = B5088ACD21CDC1B200A1446C /* HTMLEncoding.h */; };
		B515E0CB22FB965F002C6DBD /* HTMLEntities.m in Sources */ = {isa = PBXBuildFile; fileRef = B5088ACE21CDC1B200A1446C /* HTMLEntities.m */; };
		B515E0CC22FB965F002C6DBD /* HTMLTokenizerState.h in Headers */ = {isa = PBXBuildFile; fileRef = B5088ACF21CDC1B200A1446C /* HTMLTokenizerState.h */; };
		B515E0CD22FB965F002C6DBD /* HTMLSupport.h in Headers */ = {isa = PBXBuildFile; fileRef = B5088AD021CDC1B200A1446C /* HTMLSupport.h */; settings = {ATTRIBUTES = (Public, ); }; };
		B515E0CE22FB965F002C6DBD /* HTMLOrderedDictionary.h in Headers */ = {isa = PBXBuildFile; fileRef = B5088AD121CDC1B200A1446C /* HTMLOrderedDictionary.h */; };
		B515E0CF22FB965F002C6DBD /* HTMLTokenizer.m in Sources */ = {isa = PBXBuildFile; fileRef = B5088AD221CDC1B200A1446C /* HTMLTokenizer.m */; };
		B515E0D022FB965F002C6DBD /* HTMLPreprocessedInputStream.h in Headers */ = {isa = PBXBuildFile; fileRef = B5088AD321CDC1B200A1446C /* HTMLPreprocessedInputStream.h */; };
		B515E0D122FB965F002C6DBD /* HTMLSelector.h in Headers */ = {isa = PBXBuildFile; fileRef = B5088AD421CDC1B200A1446C /* HTMLSelector.h */; settings = {ATTRIBUTES = (Public, ); }; };
		B515E0D222FB965F002C6DBD /* HTMLComment.m in Sources */ = {isa = PBXBuildFile; fileRef = B5088AD521CDC1B200A1446C /* HTMLComment.m */; };
		B515E0D322FB965F002C6DBD /* HTMLTreeEnumerator.m in Sources */ = {isa = PBXBuildFile; fileRef = B5088AD621CDC1B200A1446C /* HTMLTreeEnumerator.m */; };
		B515E0D422FB965F002C6DBD /* HTMLDocumentType.m in Sources */ = {isa = PBXBuildFile; fileRef = B5088AD721CDC1B200A1446C /* HTMLDocumentType.m */; };
		B515E0D522FB965F002C6DBD /* HTMLDocument.m in Sources */ = {isa = PBXBuildFile; fileRef = B5088AD821CDC1B200A1446C /* HTMLDocument.m */; };
		B515E0D622FB965F002C6DBD /* HTMLNode.h in Headers */ = {isa = PBXBuildFile; fileRef = B5088AD921CDC1B200A1446C /* HTMLNode.h */; settings = {ATTRIBUTES = (Public, ); }; };
		B515E0D722FB965F002C6DBD /* HTMLSerialization.m in Sources */ = {isa = PBXBuildFile; fileRef = B5088ADA21CDC1B200A1446C /* HTMLSerialization.m */; };
		B515E0D822FB965F002C6DBD /* NSString+HTMLEntities.m in Sources */ = {isa = PBXBuildFile; fileRef = B5088ADB21CDC1B200A1446C /* NSString+HTMLEntities.m */; };
		B515E0D922FB965F002C6DBD /* HTMLParser.h in Headers */ = {isa = PBXBuildFile; fileRef = B5088ADC21CDC1B200A1446C /* HTMLParser.h */; };
		B515E0DA22FB965F002C6DBD /* HTMLEncoding.m in Sources */ = {isa = PBXBuildFile; fileRef = B5088ADD21CDC1B200A1446C /* HTMLEncoding.m */; };
		B515E0DB22FB965F002C6DBD /* HTMLElement.m in Sources */ = {isa = PBXBuildFile; fileRef = B5088ADE21CDC1B200A1446C /* HTMLElement.m */; };
		B515E0DC22FB965F002C6DBD /* HTMLString.m in Sources */ = {isa = PBXBuildFile; fileRef = B5088ADF21CDC1B200A1446C /* HTMLString.m */; };
		B515E0DD22FB965F002C6DBD /* HTMLTextNode.h in Headers */ = {isa = PBXBuildFile; fileRef = B5088AE021CDC1B200A1446C /* HTMLTextNode.h */; };
		B515E0DE22FB965F002C6DBD /* HTMLSelector.m in Sources */ = {isa = PBXBuildFile; fileRef = B5088AE121CDC1B200A1446C /* HTMLSelector.m */; };
		B515E0DF22FB965F002C6DBD /* HTMLReader.h in Headers */ = {isa = PBXBuildFile; fileRef = B5088AE221CDC1B200A1446C /* HTMLReader.h */; };
		B515E0E022FB965F002C6DBD /* HTMLTokenizer.h in Headers */ = {isa = PBXBuildFile; fileRef = B5088AE321CDC1B200A1446C /* HTMLTokenizer.h */; };
		B515E0E122FB965F002C6DBD /* HTMLNamespace.h in Headers */ = {isa = PBXBuildFile; fileRef = B5088AE421CDC1B200A1446C /* HTMLNamespace.h */; settings = {ATTRIBUTES = (Public, ); }; };
		B515E0E222FB965F002C6DBD /* HTMLPreprocessedInputStream.m in Sources */ = {isa = PBXBuildFile; fileRef = B5088AE521CDC1B200A1446C /* HTMLPreprocessedInputStream.m */; };
		B515E0E322FB965F002C6DBD /* HTMLOrderedDictionary.m in Sources */ = {isa = PBXBuildFile; fileRef = B5088AE621CDC1B200A1446C /* HTMLOrderedDictionary.m */; };
		B515E0E422FB965F002C6DBD /* HTMLEntities.h in Headers */ = {isa = PBXBuildFile; fileRef = B5088AE721CDC1B200A1446C /* HTMLEntities.h */; };
		B515E0E522FB965F002C6DBD /* HTMLNode.m in Sources */ = {isa = PBXBuildFile; fileRef = B5088AE821CDC1B200A1446C /* HTMLNode.m */; };
		B515E0E622FB965F002C6DBD /* HTMLDocument.h in Headers */ = {isa = PBXBuildFile; fileRef = B5088AE921CDC1B200A1446C /* HTMLDocument.h */; settings = {ATTRIBUTES = (Public, ); }; };
		B515E0E722FB965F002C6DBD /* HTMLDocumentType.h in Headers */ = {isa = PBXBuildFile; fileRef = B5088AEA21CDC1B200A1446C /* HTMLDocumentType.h */; settings = {ATTRIBUTES = (Public, ); }; };
		B515E0E822FB965F002C6DBD /* HTMLTreeEnumerator.h in Headers */ = {isa = PBXBuildFile; fileRef = B5088AEB21CDC1B200A1446C /* HTMLTreeEnumerator.h */; };
		B515E0E922FB965F002C6DBD /* HTMLComment.h in Headers */ = {isa = PBXBuildFile; fileRef = B5088AEC21CDC1B300A1446C /* HTMLComment.h */; };
		B53BACCE21CEDDCB00176B16 /* MacTests.swift in Sources */ = {isa = PBXBuildFile; fileRef = B53BACCD21CEDDCB00176B16 /* MacTests.swift */; };
		B53BACD821CEE27000176B16 /* parsertest.html in Resources */ = {isa = PBXBuildFile; fileRef = B53BACD721CEE27000176B16 /* parsertest.html */; };
		B575085522FB879F003D6909 /* Plug in Frameworks */ = {isa = PBXBuildFile; productRef = B575085422FB879F003D6909 /* Plug */; };
		B575085822FB87AF003D6909 /* CrossPlatformKit in Frameworks */ = {isa = PBXBuildFile; productRef = B575085722FB87AF003D6909 /* CrossPlatformKit */; };
		B575085B22FB87CD003D6909 /* GulliverMac in Frameworks */ = {isa = PBXBuildFile; productRef = B575085A22FB87CD003D6909 /* GulliverMac */; };
		B575085D22FB87CD003D6909 /* Gulliver in Frameworks */ = {isa = PBXBuildFile; productRef = B575085C22FB87CD003D6909 /* Gulliver */; };
		B575085F22FB87CD003D6909 /* GulliverUI in Frameworks */ = {isa = PBXBuildFile; productRef = B575085E22FB87CD003D6909 /* GulliverUI */; };
		B58D64791A898F89005A0002 /* HTMLArchiving.h in Headers */ = {isa = PBXBuildFile; fileRef = B58D64681A898F81005A0002 /* HTMLArchiving.h */; settings = {ATTRIBUTES = (Public, ); }; };
		B58D64961A899285005A0002 /* HTMLArchiving.h in Headers */ = {isa = PBXBuildFile; fileRef = B58D646B1A898F81005A0002 /* HTMLArchiving.h */; settings = {ATTRIBUTES = (Public, ); }; };
		B5A0F8C922BD43CA00CA2BCE /* HTMLArchivedResource.swift in Sources */ = {isa = PBXBuildFile; fileRef = B5A0F8C022BD43CA00CA2BCE /* HTMLArchivedResource.swift */; };
		B5A0F8CA22BD43CA00CA2BCE /* HTMLArchivedResource.swift in Sources */ = {isa = PBXBuildFile; fileRef = B5A0F8C022BD43CA00CA2BCE /* HTMLArchivedResource.swift */; };
		B5A0F8CB22BD43CA00CA2BCE /* String+Extensions.swift in Sources */ = {isa = PBXBuildFile; fileRef = B5A0F8C122BD43CA00CA2BCE /* String+Extensions.swift */; };
		B5A0F8CC22BD43CA00CA2BCE /* String+Extensions.swift in Sources */ = {isa = PBXBuildFile; fileRef = B5A0F8C122BD43CA00CA2BCE /* String+Extensions.swift */; };
		B5A0F8CD22BD43CA00CA2BCE /* HTMLArchivedFrame.swift in Sources */ = {isa = PBXBuildFile; fileRef = B5A0F8C222BD43CA00CA2BCE /* HTMLArchivedFrame.swift */; };
		B5A0F8CE22BD43CA00CA2BCE /* HTMLArchivedFrame.swift in Sources */ = {isa = PBXBuildFile; fileRef = B5A0F8C222BD43CA00CA2BCE /* HTMLArchivedFrame.swift */; };
		B5A0F8CF22BD43CA00CA2BCE /* HTMLArchive.swift in Sources */ = {isa = PBXBuildFile; fileRef = B5A0F8C322BD43CA00CA2BCE /* HTMLArchive.swift */; };
		B5A0F8D022BD43CA00CA2BCE /* HTMLArchive.swift in Sources */ = {isa = PBXBuildFile; fileRef = B5A0F8C322BD43CA00CA2BCE /* HTMLArchive.swift */; };
		B5A0F8D122BD43CA00CA2BCE /* BundledPageData.swift in Sources */ = {isa = PBXBuildFile; fileRef = B5A0F8C422BD43CA00CA2BCE /* BundledPageData.swift */; };
		B5A0F8D222BD43CA00CA2BCE /* BundledPageData.swift in Sources */ = {isa = PBXBuildFile; fileRef = B5A0F8C422BD43CA00CA2BCE /* BundledPageData.swift */; };
		B5A0F8D322BD43CA00CA2BCE /* SelfContainedUIWebView.swift in Sources */ = {isa = PBXBuildFile; fileRef = B5A0F8C522BD43CA00CA2BCE /* SelfContainedUIWebView.swift */; };
		B5A0F8D422BD43CA00CA2BCE /* SelfContainedUIWebView.swift in Sources */ = {isa = PBXBuildFile; fileRef = B5A0F8C522BD43CA00CA2BCE /* SelfContainedUIWebView.swift */; };
		B5A0F8D522BD43CA00CA2BCE /* HTMLArchiver.swift in Sources */ = {isa = PBXBuildFile; fileRef = B5A0F8C622BD43CA00CA2BCE /* HTMLArchiver.swift */; };
		B5A0F8D622BD43CA00CA2BCE /* HTMLArchiver.swift in Sources */ = {isa = PBXBuildFile; fileRef = B5A0F8C622BD43CA00CA2BCE /* HTMLArchiver.swift */; };
		B5A0F8D722BD43CA00CA2BCE /* WKWebView+Tome.swift in Sources */ = {isa = PBXBuildFile; fileRef = B5A0F8C722BD43CA00CA2BCE /* WKWebView+Tome.swift */; };
		B5A0F8D822BD43CA00CA2BCE /* WKWebView+Tome.swift in Sources */ = {isa = PBXBuildFile; fileRef = B5A0F8C722BD43CA00CA2BCE /* WKWebView+Tome.swift */; };
		B5A0F8D922BD43CA00CA2BCE /* SelfContainedWKWebView.swift in Sources */ = {isa = PBXBuildFile; fileRef = B5A0F8C822BD43CA00CA2BCE /* SelfContainedWKWebView.swift */; };
		B5A0F8DA22BD43CA00CA2BCE /* SelfContainedWKWebView.swift in Sources */ = {isa = PBXBuildFile; fileRef = B5A0F8C822BD43CA00CA2BCE /* SelfContainedWKWebView.swift */; };
/* End PBXBuildFile section */

/* Begin PBXContainerItemProxy section */
		B5088BF921CDE15B00A1446C /* PBXContainerItemProxy */ = {
			isa = PBXContainerItemProxy;
			containerPortal = B504E60B1A89230F001B414B /* Project object */;
			proxyType = 1;
			remoteGlobalIDString = B504E6AE1A898110001B414B;
			remoteInfo = HTMLArchiving_Mac;
		};
		B515E0EA22FB98B2002C6DBD /* PBXContainerItemProxy */ = {
			isa = PBXContainerItemProxy;
			containerPortal = B504E60B1A89230F001B414B /* Project object */;
			proxyType = 1;
			remoteGlobalIDString = B515E0B522FB9634002C6DBD;
			remoteInfo = ParseHTML;
		};
		B53BACD021CEDDCB00176B16 /* PBXContainerItemProxy */ = {
			isa = PBXContainerItemProxy;
			containerPortal = B504E60B1A89230F001B414B /* Project object */;
			proxyType = 1;
			remoteGlobalIDString = B5088BEA21CDE14F00A1446C;
			remoteInfo = TestHarness_Mac;
		};
/* End PBXContainerItemProxy section */

/* Begin PBXCopyFilesBuildPhase section */
		B5088B4F21CDC1EC00A1446C /* Embed Frameworks */ = {
			isa = PBXCopyFilesBuildPhase;
			buildActionMask = 2147483647;
			dstPath = "";
			dstSubfolderSpec = 10;
			files = (
			);
			name = "Embed Frameworks";
			runOnlyForDeploymentPostprocessing = 0;
		};
		B5088BFB21CDE16300A1446C /* Embed Frameworks */ = {
			isa = PBXCopyFilesBuildPhase;
			buildActionMask = 2147483647;
			dstPath = "";
			dstSubfolderSpec = 10;
			files = (
				B5088C0021CDE18400A1446C /* HTMLArchiving.framework in Embed Frameworks */,
			);
			name = "Embed Frameworks";
			runOnlyForDeploymentPostprocessing = 0;
		};
		B52533EB1B8FF31900126E11 /* Copy Frameworks */ = {
			isa = PBXCopyFilesBuildPhase;
			buildActionMask = 2147483647;
			dstPath = "";
			dstSubfolderSpec = 10;
			files = (
			);
			name = "Copy Frameworks";
			runOnlyForDeploymentPostprocessing = 0;
		};
/* End PBXCopyFilesBuildPhase section */

/* Begin PBXFileReference section */
		B504E6461A8968DC001B414B /* HTMLArchiving.framework */ = {isa = PBXFileReference; explicitFileType = wrapper.framework; includeInIndex = 0; path = HTMLArchiving.framework; sourceTree = BUILT_PRODUCTS_DIR; };
		B504E66A1A896980001B414B /* BuildFramework.sh */ = {isa = PBXFileReference; lastKnownFileType = text.script.sh; name = BuildFramework.sh; path = HTMLArchiving/BuildFramework.sh; sourceTree = "<group>"; };
		B504E6AF1A898110001B414B /* HTMLArchiving.framework */ = {isa = PBXFileReference; explicitFileType = wrapper.framework; includeInIndex = 0; path = HTMLArchiving.framework; sourceTree = BUILT_PRODUCTS_DIR; };
		B5088AC621CDC1B200A1446C /* HTMLParser.m */ = {isa = PBXFileReference; fileEncoding = 4; lastKnownFileType = sourcecode.c.objc; path = HTMLParser.m; sourceTree = "<group>"; };
		B5088AC721CDC1B200A1446C /* NSString+HTMLEntities.h */ = {isa = PBXFileReference; fileEncoding = 4; lastKnownFileType = sourcecode.c.h; path = "NSString+HTMLEntities.h"; sourceTree = "<group>"; };
		B5088AC821CDC1B200A1446C /* HTMLSerialization.h */ = {isa = PBXFileReference; fileEncoding = 4; lastKnownFileType = sourcecode.c.h; path = HTMLSerialization.h; sourceTree = "<group>"; };
		B5088AC921CDC1B200A1446C /* HTMLTextNode.m */ = {isa = PBXFileReference; fileEncoding = 4; lastKnownFileType = sourcecode.c.objc; path = HTMLTextNode.m; sourceTree = "<group>"; };
		B5088ACA21CDC1B200A1446C /* HTMLString.h */ = {isa = PBXFileReference; fileEncoding = 4; lastKnownFileType = sourcecode.c.h; path = HTMLString.h; sourceTree = "<group>"; };
		B5088ACB21CDC1B200A1446C /* HTMLQuirksMode.h */ = {isa = PBXFileReference; fileEncoding = 4; lastKnownFileType = sourcecode.c.h; path = HTMLQuirksMode.h; sourceTree = "<group>"; };
		B5088ACC21CDC1B200A1446C /* HTMLElement.h */ = {isa = PBXFileReference; fileEncoding = 4; lastKnownFileType = sourcecode.c.h; path = HTMLElement.h; sourceTree = "<group>"; };
		B5088ACD21CDC1B200A1446C /* HTMLEncoding.h */ = {isa = PBXFileReference; fileEncoding = 4; lastKnownFileType = sourcecode.c.h; path = HTMLEncoding.h; sourceTree = "<group>"; };
		B5088ACE21CDC1B200A1446C /* HTMLEntities.m */ = {isa = PBXFileReference; fileEncoding = 4; lastKnownFileType = sourcecode.c.objc; path = HTMLEntities.m; sourceTree = "<group>"; };
		B5088ACF21CDC1B200A1446C /* HTMLTokenizerState.h */ = {isa = PBXFileReference; fileEncoding = 4; lastKnownFileType = sourcecode.c.h; path = HTMLTokenizerState.h; sourceTree = "<group>"; };
		B5088AD021CDC1B200A1446C /* HTMLSupport.h */ = {isa = PBXFileReference; fileEncoding = 4; lastKnownFileType = sourcecode.c.h; path = HTMLSupport.h; sourceTree = "<group>"; };
		B5088AD121CDC1B200A1446C /* HTMLOrderedDictionary.h */ = {isa = PBXFileReference; fileEncoding = 4; lastKnownFileType = sourcecode.c.h; path = HTMLOrderedDictionary.h; sourceTree = "<group>"; };
		B5088AD221CDC1B200A1446C /* HTMLTokenizer.m */ = {isa = PBXFileReference; fileEncoding = 4; lastKnownFileType = sourcecode.c.objc; path = HTMLTokenizer.m; sourceTree = "<group>"; };
		B5088AD321CDC1B200A1446C /* HTMLPreprocessedInputStream.h */ = {isa = PBXFileReference; fileEncoding = 4; lastKnownFileType = sourcecode.c.h; path = HTMLPreprocessedInputStream.h; sourceTree = "<group>"; };
		B5088AD421CDC1B200A1446C /* HTMLSelector.h */ = {isa = PBXFileReference; fileEncoding = 4; lastKnownFileType = sourcecode.c.h; path = HTMLSelector.h; sourceTree = "<group>"; };
		B5088AD521CDC1B200A1446C /* HTMLComment.m */ = {isa = PBXFileReference; fileEncoding = 4; lastKnownFileType = sourcecode.c.objc; path = HTMLComment.m; sourceTree = "<group>"; };
		B5088AD621CDC1B200A1446C /* HTMLTreeEnumerator.m */ = {isa = PBXFileReference; fileEncoding = 4; lastKnownFileType = sourcecode.c.objc; path = HTMLTreeEnumerator.m; sourceTree = "<group>"; };
		B5088AD721CDC1B200A1446C /* HTMLDocumentType.m */ = {isa = PBXFileReference; fileEncoding = 4; lastKnownFileType = sourcecode.c.objc; path = HTMLDocumentType.m; sourceTree = "<group>"; };
		B5088AD821CDC1B200A1446C /* HTMLDocument.m */ = {isa = PBXFileReference; fileEncoding = 4; lastKnownFileType = sourcecode.c.objc; path = HTMLDocument.m; sourceTree = "<group>"; };
		B5088AD921CDC1B200A1446C /* HTMLNode.h */ = {isa = PBXFileReference; fileEncoding = 4; lastKnownFileType = sourcecode.c.h; path = HTMLNode.h; sourceTree = "<group>"; };
		B5088ADA21CDC1B200A1446C /* HTMLSerialization.m */ = {isa = PBXFileReference; fileEncoding = 4; lastKnownFileType = sourcecode.c.objc; path = HTMLSerialization.m; sourceTree = "<group>"; };
		B5088ADB21CDC1B200A1446C /* NSString+HTMLEntities.m */ = {isa = PBXFileReference; fileEncoding = 4; lastKnownFileType = sourcecode.c.objc; path = "NSString+HTMLEntities.m"; sourceTree = "<group>"; };
		B5088ADC21CDC1B200A1446C /* HTMLParser.h */ = {isa = PBXFileReference; fileEncoding = 4; lastKnownFileType = sourcecode.c.h; path = HTMLParser.h; sourceTree = "<group>"; };
		B5088ADD21CDC1B200A1446C /* HTMLEncoding.m */ = {isa = PBXFileReference; fileEncoding = 4; lastKnownFileType = sourcecode.c.objc; path = HTMLEncoding.m; sourceTree = "<group>"; };
		B5088ADE21CDC1B200A1446C /* HTMLElement.m */ = {isa = PBXFileReference; fileEncoding = 4; lastKnownFileType = sourcecode.c.objc; path = HTMLElement.m; sourceTree = "<group>"; };
		B5088ADF21CDC1B200A1446C /* HTMLString.m */ = {isa = PBXFileReference; fileEncoding = 4; lastKnownFileType = sourcecode.c.objc; path = HTMLString.m; sourceTree = "<group>"; };
		B5088AE021CDC1B200A1446C /* HTMLTextNode.h */ = {isa = PBXFileReference; fileEncoding = 4; lastKnownFileType = sourcecode.c.h; path = HTMLTextNode.h; sourceTree = "<group>"; };
		B5088AE121CDC1B200A1446C /* HTMLSelector.m */ = {isa = PBXFileReference; fileEncoding = 4; lastKnownFileType = sourcecode.c.objc; path = HTMLSelector.m; sourceTree = "<group>"; };
		B5088AE221CDC1B200A1446C /* HTMLReader.h */ = {isa = PBXFileReference; fileEncoding = 4; lastKnownFileType = sourcecode.c.h; path = HTMLReader.h; sourceTree = "<group>"; };
		B5088AE321CDC1B200A1446C /* HTMLTokenizer.h */ = {isa = PBXFileReference; fileEncoding = 4; lastKnownFileType = sourcecode.c.h; path = HTMLTokenizer.h; sourceTree = "<group>"; };
		B5088AE421CDC1B200A1446C /* HTMLNamespace.h */ = {isa = PBXFileReference; fileEncoding = 4; lastKnownFileType = sourcecode.c.h; path = HTMLNamespace.h; sourceTree = "<group>"; };
		B5088AE521CDC1B200A1446C /* HTMLPreprocessedInputStream.m */ = {isa = PBXFileReference; fileEncoding = 4; lastKnownFileType = sourcecode.c.objc; path = HTMLPreprocessedInputStream.m; sourceTree = "<group>"; };
		B5088AE621CDC1B200A1446C /* HTMLOrderedDictionary.m */ = {isa = PBXFileReference; fileEncoding = 4; lastKnownFileType = sourcecode.c.objc; path = HTMLOrderedDictionary.m; sourceTree = "<group>"; };
		B5088AE721CDC1B200A1446C /* HTMLEntities.h */ = {isa = PBXFileReference; fileEncoding = 4; lastKnownFileType = sourcecode.c.h; path = HTMLEntities.h; sourceTree = "<group>"; };
		B5088AE821CDC1B200A1446C /* HTMLNode.m */ = {isa = PBXFileReference; fileEncoding = 4; lastKnownFileType = sourcecode.c.objc; path = HTMLNode.m; sourceTree = "<group>"; };
		B5088AE921CDC1B200A1446C /* HTMLDocument.h */ = {isa = PBXFileReference; fileEncoding = 4; lastKnownFileType = sourcecode.c.h; path = HTMLDocument.h; sourceTree = "<group>"; };
		B5088AEA21CDC1B200A1446C /* HTMLDocumentType.h */ = {isa = PBXFileReference; fileEncoding = 4; lastKnownFileType = sourcecode.c.h; path = HTMLDocumentType.h; sourceTree = "<group>"; };
		B5088AEB21CDC1B200A1446C /* HTMLTreeEnumerator.h */ = {isa = PBXFileReference; fileEncoding = 4; lastKnownFileType = sourcecode.c.h; path = HTMLTreeEnumerator.h; sourceTree = "<group>"; };
		B5088AEC21CDC1B300A1446C /* HTMLComment.h */ = {isa = PBXFileReference; fileEncoding = 4; lastKnownFileType = sourcecode.c.h; path = HTMLComment.h; sourceTree = "<group>"; };
		B5088AEE21CDC1B300A1446C /* CSSParser.m */ = {isa = PBXFileReference; fileEncoding = 4; lastKnownFileType = sourcecode.c.objc; path = CSSParser.m; sourceTree = "<group>"; };
		B5088AEF21CDC1B300A1446C /* CSSTokens.m */ = {isa = PBXFileReference; fileEncoding = 4; lastKnownFileType = sourcecode.c.objc; path = CSSTokens.m; sourceTree = "<group>"; };
		B5088AF021CDC1B300A1446C /* CSSParser.h */ = {isa = PBXFileReference; fileEncoding = 4; lastKnownFileType = sourcecode.c.h; path = CSSParser.h; sourceTree = "<group>"; };
		B5088AF121CDC1B300A1446C /* CSSTokens.h */ = {isa = PBXFileReference; fileEncoding = 4; lastKnownFileType = sourcecode.c.h; path = CSSTokens.h; sourceTree = "<group>"; };
		B5088AF221CDC1B300A1446C /* CSSTokenizer.m */ = {isa = PBXFileReference; fileEncoding = 4; lastKnownFileType = sourcecode.c.objc; path = CSSTokenizer.m; sourceTree = "<group>"; };
		B5088B5321CDC36200A1446C /* archived_response.dat */ = {isa = PBXFileReference; lastKnownFileType = file.bplist; path = archived_response.dat; sourceTree = "<group>"; };
		B5088B7821CDD01600A1446C /* module.modulemap */ = {isa = PBXFileReference; lastKnownFileType = "sourcecode.module-map"; path = module.modulemap; sourceTree = "<group>"; };
		B5088BEB21CDE14F00A1446C /* TestHarness_Mac.app */ = {isa = PBXFileReference; explicitFileType = wrapper.application; includeInIndex = 0; path = TestHarness_Mac.app; sourceTree = BUILT_PRODUCTS_DIR; };
		B5088BED21CDE14F00A1446C /* AppDelegate.swift */ = {isa = PBXFileReference; lastKnownFileType = sourcecode.swift; path = AppDelegate.swift; sourceTree = "<group>"; };
		B5088BEF21CDE15000A1446C /* Assets.xcassets */ = {isa = PBXFileReference; lastKnownFileType = folder.assetcatalog; path = Assets.xcassets; sourceTree = "<group>"; };
		B5088BF221CDE15000A1446C /* Base */ = {isa = PBXFileReference; lastKnownFileType = file.xib; name = Base; path = Base.lproj/MainMenu.xib; sourceTree = "<group>"; };
		B5088BF421CDE15000A1446C /* Info.plist */ = {isa = PBXFileReference; lastKnownFileType = text.plist.xml; path = Info.plist; sourceTree = "<group>"; };
		B5088BF521CDE15000A1446C /* TestHarness_Mac.entitlements */ = {isa = PBXFileReference; lastKnownFileType = text.plist.entitlements; path = TestHarness_Mac.entitlements; sourceTree = "<group>"; };
		B515E0B622FB9634002C6DBD /* ParseHTML.framework */ = {isa = PBXFileReference; explicitFileType = wrapper.framework; includeInIndex = 0; path = ParseHTML.framework; sourceTree = BUILT_PRODUCTS_DIR; };
		B515E0B822FB9634002C6DBD /* ParseHTML.h */ = {isa = PBXFileReference; lastKnownFileType = sourcecode.c.h; path = ParseHTML.h; sourceTree = "<group>"; };
		B515E0B922FB9634002C6DBD /* Info.plist */ = {isa = PBXFileReference; lastKnownFileType = text.plist.xml; path = Info.plist; sourceTree = "<group>"; };
		B53BACCB21CEDDCB00176B16 /* MacTests.xctest */ = {isa = PBXFileReference; explicitFileType = wrapper.cfbundle; includeInIndex = 0; path = MacTests.xctest; sourceTree = BUILT_PRODUCTS_DIR; };
		B53BACCD21CEDDCB00176B16 /* MacTests.swift */ = {isa = PBXFileReference; lastKnownFileType = sourcecode.swift; path = MacTests.swift; sourceTree = "<group>"; };
		B53BACCF21CEDDCB00176B16 /* Info.plist */ = {isa = PBXFileReference; lastKnownFileType = text.plist.xml; path = Info.plist; sourceTree = "<group>"; };
		B53BACD721CEE27000176B16 /* parsertest.html */ = {isa = PBXFileReference; fileEncoding = 4; lastKnownFileType = text.html; path = parsertest.html; sourceTree = "<group>"; };
		B58D64671A898F81005A0002 /* Info.plist */ = {isa = PBXFileReference; lastKnownFileType = text.plist.xml; path = Info.plist; sourceTree = "<group>"; };
		B58D64681A898F81005A0002 /* HTMLArchiving.h */ = {isa = PBXFileReference; lastKnownFileType = sourcecode.c.h; path = HTMLArchiving.h; sourceTree = "<group>"; };
		B58D646A1A898F81005A0002 /* Info.plist */ = {isa = PBXFileReference; lastKnownFileType = text.plist.xml; path = Info.plist; sourceTree = "<group>"; };
		B58D646B1A898F81005A0002 /* HTMLArchiving.h */ = {isa = PBXFileReference; lastKnownFileType = sourcecode.c.h; path = HTMLArchiving.h; sourceTree = "<group>"; };
		B5A0F8BE22BD411E00CA2BCE /* Package.swift */ = {isa = PBXFileReference; lastKnownFileType = sourcecode.swift; path = Package.swift; sourceTree = "<group>"; };
		B5A0F8C022BD43CA00CA2BCE /* HTMLArchivedResource.swift */ = {isa = PBXFileReference; fileEncoding = 4; lastKnownFileType = sourcecode.swift; path = HTMLArchivedResource.swift; sourceTree = "<group>"; };
		B5A0F8C122BD43CA00CA2BCE /* String+Extensions.swift */ = {isa = PBXFileReference; fileEncoding = 4; lastKnownFileType = sourcecode.swift; path = "String+Extensions.swift"; sourceTree = "<group>"; };
		B5A0F8C222BD43CA00CA2BCE /* HTMLArchivedFrame.swift */ = {isa = PBXFileReference; fileEncoding = 4; lastKnownFileType = sourcecode.swift; path = HTMLArchivedFrame.swift; sourceTree = "<group>"; };
		B5A0F8C322BD43CA00CA2BCE /* HTMLArchive.swift */ = {isa = PBXFileReference; fileEncoding = 4; lastKnownFileType = sourcecode.swift; path = HTMLArchive.swift; sourceTree = "<group>"; };
		B5A0F8C422BD43CA00CA2BCE /* BundledPageData.swift */ = {isa = PBXFileReference; fileEncoding = 4; lastKnownFileType = sourcecode.swift; path = BundledPageData.swift; sourceTree = "<group>"; };
		B5A0F8C522BD43CA00CA2BCE /* SelfContainedUIWebView.swift */ = {isa = PBXFileReference; fileEncoding = 4; lastKnownFileType = sourcecode.swift; path = SelfContainedUIWebView.swift; sourceTree = "<group>"; };
		B5A0F8C622BD43CA00CA2BCE /* HTMLArchiver.swift */ = {isa = PBXFileReference; fileEncoding = 4; lastKnownFileType = sourcecode.swift; path = HTMLArchiver.swift; sourceTree = "<group>"; };
		B5A0F8C722BD43CA00CA2BCE /* WKWebView+Tome.swift */ = {isa = PBXFileReference; fileEncoding = 4; lastKnownFileType = sourcecode.swift; path = "WKWebView+Tome.swift"; sourceTree = "<group>"; };
		B5A0F8C822BD43CA00CA2BCE /* SelfContainedWKWebView.swift */ = {isa = PBXFileReference; fileEncoding = 4; lastKnownFileType = sourcecode.swift; path = SelfContainedWKWebView.swift; sourceTree = "<group>"; };
		B5A482581AE5DE6A001636BE /* CoreAudio.framework */ = {isa = PBXFileReference; lastKnownFileType = wrapper.framework; name = CoreAudio.framework; path = System/Library/Frameworks/CoreAudio.framework; sourceTree = SDKROOT; };
/* End PBXFileReference section */

/* Begin PBXFrameworksBuildPhase section */
		B504E6421A8968DC001B414B /* Frameworks */ = {
			isa = PBXFrameworksBuildPhase;
			buildActionMask = 2147483647;
			files = (
				B575085D22FB87CD003D6909 /* Gulliver in Frameworks */,
				B575085F22FB87CD003D6909 /* GulliverUI in Frameworks */,
				B575085522FB879F003D6909 /* Plug in Frameworks */,
				B575085822FB87AF003D6909 /* CrossPlatformKit in Frameworks */,
			);
			runOnlyForDeploymentPostprocessing = 0;
		};
		B504E6AB1A898110001B414B /* Frameworks */ = {
			isa = PBXFrameworksBuildPhase;
			buildActionMask = 2147483647;
			files = (
				B575085B22FB87CD003D6909 /* GulliverMac in Frameworks */,
			);
			runOnlyForDeploymentPostprocessing = 0;
		};
		B5088BE821CDE14F00A1446C /* Frameworks */ = {
			isa = PBXFrameworksBuildPhase;
			buildActionMask = 2147483647;
			files = (
			);
			runOnlyForDeploymentPostprocessing = 0;
		};
		B515E0B322FB9634002C6DBD /* Frameworks */ = {
			isa = PBXFrameworksBuildPhase;
			buildActionMask = 2147483647;
			files = (
			);
			runOnlyForDeploymentPostprocessing = 0;
		};
		B53BACC821CEDDCB00176B16 /* Frameworks */ = {
			isa = PBXFrameworksBuildPhase;
			buildActionMask = 2147483647;
			files = (
			);
			runOnlyForDeploymentPostprocessing = 0;
		};
/* End PBXFrameworksBuildPhase section */

/* Begin PBXGroup section */
		B504E60A1A89230F001B414B = {
			isa = PBXGroup;
			children = (
				B5A0F8BE22BD411E00CA2BCE /* Package.swift */,
				B504E66A1A896980001B414B /* BuildFramework.sh */,
				B5A0F8BF22BD43CA00CA2BCE /* Source */,
				B5088BEC21CDE14F00A1446C /* TestHarness_Mac */,
				B53BACCC21CEDDCB00176B16 /* MacTests */,
				B5088B5221CDC36200A1446C /* Framework Code */,
				B5088AC421CDC17F00A1446C /* ParseHTML */,
				B58D64661A898F81005A0002 /* HTMLArchiving_Mac */,
				B58D64691A898F81005A0002 /* HTMLArchiving_iOS */,
				B515E0B722FB9634002C6DBD /* ParseHTML */,
				B504E6141A89230F001B414B /* Products */,
				B5A482401AE5838F001636BE /* Frameworks */,
			);
			sourceTree = "<group>";
		};
		B504E6141A89230F001B414B /* Products */ = {
			isa = PBXGroup;
			children = (
				B504E6461A8968DC001B414B /* HTMLArchiving.framework */,
				B504E6AF1A898110001B414B /* HTMLArchiving.framework */,
				B5088BEB21CDE14F00A1446C /* TestHarness_Mac.app */,
				B53BACCB21CEDDCB00176B16 /* MacTests.xctest */,
				B515E0B622FB9634002C6DBD /* ParseHTML.framework */,
			);
			name = Products;
			sourceTree = "<group>";
		};
		B5088AC421CDC17F00A1446C /* ParseHTML */ = {
			isa = PBXGroup;
			children = (
				B5088B7821CDD01600A1446C /* module.modulemap */,
			);
			path = ParseHTML;
			sourceTree = "<group>";
		};
		B5088AC521CDC1B200A1446C /* Code */ = {
			isa = PBXGroup;
			children = (
				B5088AEE21CDC1B300A1446C /* CSSParser.m */,
				B5088AEF21CDC1B300A1446C /* CSSTokens.m */,
				B5088AF021CDC1B300A1446C /* CSSParser.h */,
				B5088AF121CDC1B300A1446C /* CSSTokens.h */,
				B5088AF221CDC1B300A1446C /* CSSTokenizer.m */,
				B5088AC621CDC1B200A1446C /* HTMLParser.m */,
				B5088AC721CDC1B200A1446C /* NSString+HTMLEntities.h */,
				B5088AC821CDC1B200A1446C /* HTMLSerialization.h */,
				B5088AC921CDC1B200A1446C /* HTMLTextNode.m */,
				B5088ACA21CDC1B200A1446C /* HTMLString.h */,
				B5088ACB21CDC1B200A1446C /* HTMLQuirksMode.h */,
				B5088ACC21CDC1B200A1446C /* HTMLElement.h */,
				B5088ACD21CDC1B200A1446C /* HTMLEncoding.h */,
				B5088ACE21CDC1B200A1446C /* HTMLEntities.m */,
				B5088ACF21CDC1B200A1446C /* HTMLTokenizerState.h */,
				B5088AD021CDC1B200A1446C /* HTMLSupport.h */,
				B5088AD121CDC1B200A1446C /* HTMLOrderedDictionary.h */,
				B5088AD221CDC1B200A1446C /* HTMLTokenizer.m */,
				B5088AD321CDC1B200A1446C /* HTMLPreprocessedInputStream.h */,
				B5088AD421CDC1B200A1446C /* HTMLSelector.h */,
				B5088AD521CDC1B200A1446C /* HTMLComment.m */,
				B5088AD621CDC1B200A1446C /* HTMLTreeEnumerator.m */,
				B5088AD721CDC1B200A1446C /* HTMLDocumentType.m */,
				B5088AD821CDC1B200A1446C /* HTMLDocument.m */,
				B5088AD921CDC1B200A1446C /* HTMLNode.h */,
				B5088ADA21CDC1B200A1446C /* HTMLSerialization.m */,
				B5088ADB21CDC1B200A1446C /* NSString+HTMLEntities.m */,
				B5088ADC21CDC1B200A1446C /* HTMLParser.h */,
				B5088ADD21CDC1B200A1446C /* HTMLEncoding.m */,
				B5088ADE21CDC1B200A1446C /* HTMLElement.m */,
				B5088ADF21CDC1B200A1446C /* HTMLString.m */,
				B5088AE021CDC1B200A1446C /* HTMLTextNode.h */,
				B5088AE121CDC1B200A1446C /* HTMLSelector.m */,
				B5088AE221CDC1B200A1446C /* HTMLReader.h */,
				B5088AE321CDC1B200A1446C /* HTMLTokenizer.h */,
				B5088AE421CDC1B200A1446C /* HTMLNamespace.h */,
				B5088AE521CDC1B200A1446C /* HTMLPreprocessedInputStream.m */,
				B5088AE621CDC1B200A1446C /* HTMLOrderedDictionary.m */,
				B5088AE721CDC1B200A1446C /* HTMLEntities.h */,
				B5088AE821CDC1B200A1446C /* HTMLNode.m */,
				B5088AE921CDC1B200A1446C /* HTMLDocument.h */,
				B5088AEA21CDC1B200A1446C /* HTMLDocumentType.h */,
				B5088AEB21CDC1B200A1446C /* HTMLTreeEnumerator.h */,
				B5088AEC21CDC1B300A1446C /* HTMLComment.h */,
			);
			path = Code;
			sourceTree = "<group>";
		};
		B5088B5221CDC36200A1446C /* Framework Code */ = {
			isa = PBXGroup;
			children = (
				B5088C0521CDEB3E00A1446C /* HTMLArchiver */,
			);
			name = "Framework Code";
			path = "HTMLArchiving/Framework Code";
			sourceTree = "<group>";
		};
		B5088BEC21CDE14F00A1446C /* TestHarness_Mac */ = {
			isa = PBXGroup;
			children = (
				B5088BED21CDE14F00A1446C /* AppDelegate.swift */,
				B5088BEF21CDE15000A1446C /* Assets.xcassets */,
				B5088BF121CDE15000A1446C /* MainMenu.xib */,
				B5088BF421CDE15000A1446C /* Info.plist */,
				B5088BF521CDE15000A1446C /* TestHarness_Mac.entitlements */,
			);
			path = TestHarness_Mac;
			sourceTree = "<group>";
		};
		B5088C0521CDEB3E00A1446C /* HTMLArchiver */ = {
			isa = PBXGroup;
			children = (
				B5088B5321CDC36200A1446C /* archived_response.dat */,
			);
			path = HTMLArchiver;
			sourceTree = "<group>";
		};
		B515E0B722FB9634002C6DBD /* ParseHTML */ = {
			isa = PBXGroup;
			children = (
				B515E0B822FB9634002C6DBD /* ParseHTML.h */,
				B515E0B922FB9634002C6DBD /* Info.plist */,
			);
			path = ParseHTML;
			sourceTree = "<group>";
		};
		B53BACCC21CEDDCB00176B16 /* MacTests */ = {
			isa = PBXGroup;
			children = (
				B53BACCD21CEDDCB00176B16 /* MacTests.swift */,
				B53BACD721CEE27000176B16 /* parsertest.html */,
				B53BACCF21CEDDCB00176B16 /* Info.plist */,
			);
			path = MacTests;
			sourceTree = "<group>";
		};
		B58D64661A898F81005A0002 /* HTMLArchiving_Mac */ = {
			isa = PBXGroup;
			children = (
				B58D64671A898F81005A0002 /* Info.plist */,
				B58D64681A898F81005A0002 /* HTMLArchiving.h */,
			);
			name = HTMLArchiving_Mac;
			path = HTMLArchiving/Mac;
			sourceTree = "<group>";
		};
		B58D64691A898F81005A0002 /* HTMLArchiving_iOS */ = {
			isa = PBXGroup;
			children = (
				B58D646A1A898F81005A0002 /* Info.plist */,
				B58D646B1A898F81005A0002 /* HTMLArchiving.h */,
			);
			name = HTMLArchiving_iOS;
			path = HTMLArchiving/iOS;
			sourceTree = "<group>";
		};
		B5A0F8BF22BD43CA00CA2BCE /* Source */ = {
			isa = PBXGroup;
			children = (
				B5A0F8DC22BD543D00CA2BCE /* ParseHTML */,
				B5A0F8DB22BD453400CA2BCE /* HTMLArchiving */,
			);
			path = Source;
			sourceTree = "<group>";
		};
		B5A0F8DB22BD453400CA2BCE /* HTMLArchiving */ = {
			isa = PBXGroup;
			children = (
				B5A0F8C022BD43CA00CA2BCE /* HTMLArchivedResource.swift */,
				B5A0F8C122BD43CA00CA2BCE /* String+Extensions.swift */,
				B5A0F8C222BD43CA00CA2BCE /* HTMLArchivedFrame.swift */,
				B5A0F8C322BD43CA00CA2BCE /* HTMLArchive.swift */,
				B5A0F8C422BD43CA00CA2BCE /* BundledPageData.swift */,
				B5A0F8C522BD43CA00CA2BCE /* SelfContainedUIWebView.swift */,
				B5A0F8C622BD43CA00CA2BCE /* HTMLArchiver.swift */,
				B5A0F8C722BD43CA00CA2BCE /* WKWebView+Tome.swift */,
				B5A0F8C822BD43CA00CA2BCE /* SelfContainedWKWebView.swift */,
			);
			path = HTMLArchiving;
			sourceTree = "<group>";
		};
		B5A0F8DC22BD543D00CA2BCE /* ParseHTML */ = {
			isa = PBXGroup;
			children = (
				B5088AC521CDC1B200A1446C /* Code */,
			);
			path = ParseHTML;
			sourceTree = "<group>";
		};
		B5A482401AE5838F001636BE /* Frameworks */ = {
			isa = PBXGroup;
			children = (
				B5A482581AE5DE6A001636BE /* CoreAudio.framework */,
			);
			path = Frameworks;
			sourceTree = "<group>";
		};
/* End PBXGroup section */

/* Begin PBXHeadersBuildPhase section */
		B504E6431A8968DC001B414B /* Headers */ = {
			isa = PBXHeadersBuildPhase;
			buildActionMask = 2147483647;
			files = (
				B58D64961A899285005A0002 /* HTMLArchiving.h in Headers */,
			);
			runOnlyForDeploymentPostprocessing = 0;
		};
		B504E6AC1A898110001B414B /* Headers */ = {
			isa = PBXHeadersBuildPhase;
			buildActionMask = 2147483647;
			files = (
				B58D64791A898F89005A0002 /* HTMLArchiving.h in Headers */,
			);
			runOnlyForDeploymentPostprocessing = 0;
		};
		B515E0B122FB9634002C6DBD /* Headers */ = {
			isa = PBXHeadersBuildPhase;
			buildActionMask = 2147483647;
			files = (
				B515E0BA22FB9634002C6DBD /* ParseHTML.h in Headers */,
				B515E0C022FB965F002C6DBD /* CSSParser.h in Headers */,
				B515E0CA22FB965F002C6DBD /* HTMLEncoding.h in Headers */,
				B515E0E122FB965F002C6DBD /* HTMLNamespace.h in Headers */,
				B515E0C922FB965F002C6DBD /* HTMLElement.h in Headers */,
				B515E0E722FB965F002C6DBD /* HTMLDocumentType.h in Headers */,
				B515E0D922FB965F002C6DBD /* HTMLParser.h in Headers */,
				B515E0E022FB965F002C6DBD /* HTMLTokenizer.h in Headers */,
				B515E0C722FB965F002C6DBD /* HTMLString.h in Headers */,
				B515E0CC22FB965F002C6DBD /* HTMLTokenizerState.h in Headers */,
				B515E0CD22FB965F002C6DBD /* HTMLSupport.h in Headers */,
				B515E0C422FB965F002C6DBD /* NSString+HTMLEntities.h in Headers */,
				B515E0C122FB965F002C6DBD /* CSSTokens.h in Headers */,
				B515E0CE22FB965F002C6DBD /* HTMLOrderedDictionary.h in Headers */,
				B515E0D622FB965F002C6DBD /* HTMLNode.h in Headers */,
				B515E0DF22FB965F002C6DBD /* HTMLReader.h in Headers */,
				B515E0D022FB965F002C6DBD /* HTMLPreprocessedInputStream.h in Headers */,
				B515E0E922FB965F002C6DBD /* HTMLComment.h in Headers */,
				B515E0E822FB965F002C6DBD /* HTMLTreeEnumerator.h in Headers */,
				B515E0E622FB965F002C6DBD /* HTMLDocument.h in Headers */,
				B515E0E422FB965F002C6DBD /* HTMLEntities.h in Headers */,
				B515E0C522FB965F002C6DBD /* HTMLSerialization.h in Headers */,
				B515E0D122FB965F002C6DBD /* HTMLSelector.h in Headers */,
				B515E0DD22FB965F002C6DBD /* HTMLTextNode.h in Headers */,
				B515E0C822FB965F002C6DBD /* HTMLQuirksMode.h in Headers */,
			);
			runOnlyForDeploymentPostprocessing = 0;
		};
/* End PBXHeadersBuildPhase section */

/* Begin PBXNativeTarget section */
		B504E6451A8968DC001B414B /* HTMLArchiving_iOS */ = {
			isa = PBXNativeTarget;
			buildConfigurationList = B504E65F1A8968DC001B414B /* Build configuration list for PBXNativeTarget "HTMLArchiving_iOS" */;
			buildPhases = (
				B504E6411A8968DC001B414B /* Sources */,
				B504E6421A8968DC001B414B /* Frameworks */,
				B504E6431A8968DC001B414B /* Headers */,
				B504E6441A8968DC001B414B /* Resources */,
				B52533EB1B8FF31900126E11 /* Copy Frameworks */,
			);
			buildRules = (
			);
			dependencies = (
				B515E0EB22FB98B2002C6DBD /* PBXTargetDependency */,
			);
			name = HTMLArchiving_iOS;
			packageProductDependencies = (
				B575085422FB879F003D6909 /* Plug */,
				B575085722FB87AF003D6909 /* CrossPlatformKit */,
				B575085C22FB87CD003D6909 /* Gulliver */,
				B575085E22FB87CD003D6909 /* GulliverUI */,
			);
			productName = HTMLArchiving;
			productReference = B504E6461A8968DC001B414B /* HTMLArchiving.framework */;
			productType = "com.apple.product-type.framework";
		};
		B504E6AE1A898110001B414B /* HTMLArchiving_Mac */ = {
			isa = PBXNativeTarget;
			buildConfigurationList = B504E6C21A898111001B414B /* Build configuration list for PBXNativeTarget "HTMLArchiving_Mac" */;
			buildPhases = (
				B504E6AA1A898110001B414B /* Sources */,
				B504E6AB1A898110001B414B /* Frameworks */,
				B504E6AC1A898110001B414B /* Headers */,
				B504E6AD1A898110001B414B /* Resources */,
				B5088B4F21CDC1EC00A1446C /* Embed Frameworks */,
			);
			buildRules = (
			);
			dependencies = (
			);
			name = HTMLArchiving_Mac;
			packageProductDependencies = (
				B575085A22FB87CD003D6909 /* GulliverMac */,
			);
			productName = HTMLArchiving_Mac;
			productReference = B504E6AF1A898110001B414B /* HTMLArchiving.framework */;
			productType = "com.apple.product-type.framework";
		};
		B5088BEA21CDE14F00A1446C /* TestHarness_Mac */ = {
			isa = PBXNativeTarget;
			buildConfigurationList = B5088BF621CDE15000A1446C /* Build configuration list for PBXNativeTarget "TestHarness_Mac" */;
			buildPhases = (
				B5088BE721CDE14F00A1446C /* Sources */,
				B5088BE821CDE14F00A1446C /* Frameworks */,
				B5088BE921CDE14F00A1446C /* Resources */,
				B5088BFB21CDE16300A1446C /* Embed Frameworks */,
			);
			buildRules = (
			);
			dependencies = (
				B5088BFA21CDE15B00A1446C /* PBXTargetDependency */,
			);
			name = TestHarness_Mac;
			productName = TestHarness_Mac;
			productReference = B5088BEB21CDE14F00A1446C /* TestHarness_Mac.app */;
			productType = "com.apple.product-type.application";
		};
		B515E0B522FB9634002C6DBD /* ParseHTML */ = {
			isa = PBXNativeTarget;
			buildConfigurationList = B515E0BB22FB9634002C6DBD /* Build configuration list for PBXNativeTarget "ParseHTML" */;
			buildPhases = (
				B515E0B122FB9634002C6DBD /* Headers */,
				B515E0B222FB9634002C6DBD /* Sources */,
				B515E0B322FB9634002C6DBD /* Frameworks */,
				B515E0B422FB9634002C6DBD /* Resources */,
			);
			buildRules = (
			);
			dependencies = (
			);
			name = ParseHTML;
			productName = ParseHTML;
			productReference = B515E0B622FB9634002C6DBD /* ParseHTML.framework */;
			productType = "com.apple.product-type.framework";
		};
		B53BACCA21CEDDCB00176B16 /* MacTests */ = {
			isa = PBXNativeTarget;
			buildConfigurationList = B53BACD221CEDDCB00176B16 /* Build configuration list for PBXNativeTarget "MacTests" */;
			buildPhases = (
				B53BACC721CEDDCB00176B16 /* Sources */,
				B53BACC821CEDDCB00176B16 /* Frameworks */,
				B53BACC921CEDDCB00176B16 /* Resources */,
			);
			buildRules = (
			);
			dependencies = (
				B53BACD121CEDDCB00176B16 /* PBXTargetDependency */,
			);
			name = MacTests;
			productName = MacTests;
			productReference = B53BACCB21CEDDCB00176B16 /* MacTests.xctest */;
			productType = "com.apple.product-type.bundle.unit-test";
		};
/* End PBXNativeTarget section */

/* Begin PBXProject section */
		B504E60B1A89230F001B414B /* Project object */ = {
			isa = PBXProject;
			attributes = {
				LastSwiftUpdateCheck = 1010;
				LastUpgradeCheck = 1100;
				ORGANIZATIONNAME = "Stand Alone, inc.";
				TargetAttributes = {
					B504E6451A8968DC001B414B = {
						CreatedOnToolsVersion = 6.1.1;
						LastSwiftMigration = 1020;
					};
					B504E6661A89690C001B414B = {
						CreatedOnToolsVersion = 6.1.1;
						LastSwiftMigration = 0800;
					};
					B504E6AE1A898110001B414B = {
						CreatedOnToolsVersion = 6.1.1;
						LastSwiftMigration = 1020;
					};
					B5088BEA21CDE14F00A1446C = {
						CreatedOnToolsVersion = 10.1;
						DevelopmentTeam = YY6CWUX533;
						ProvisioningStyle = Automatic;
						SystemCapabilities = {
							com.apple.Sandbox = {
								enabled = 0;
							};
						};
					};
					B515E0B522FB9634002C6DBD = {
						CreatedOnToolsVersion = 11.0;
					};
					B53BACCA21CEDDCB00176B16 = {
						CreatedOnToolsVersion = 10.1;
						DevelopmentTeam = YY6CWUX533;
						ProvisioningStyle = Automatic;
						TestTargetID = B5088BEA21CDE14F00A1446C;
					};
				};
			};
			buildConfigurationList = B504E60E1A89230F001B414B /* Build configuration list for PBXProject "HTMLArchiving" */;
			compatibilityVersion = "Xcode 3.2";
			developmentRegion = en;
			hasScannedForEncodings = 0;
			knownRegions = (
				en,
				Base,
			);
			mainGroup = B504E60A1A89230F001B414B;
			packageReferences = (
				B575085322FB879F003D6909 /* XCRemoteSwiftPackageReference "plug" */,
				B575085622FB87AF003D6909 /* XCRemoteSwiftPackageReference "CrossPlatformKit" */,
				B575085922FB87CD003D6909 /* XCRemoteSwiftPackageReference "Gulliver" */,
			);
			productRefGroup = B504E6141A89230F001B414B /* Products */;
			projectDirPath = "";
			projectRoot = "";
			targets = (
				B504E6451A8968DC001B414B /* HTMLArchiving_iOS */,
				B504E6AE1A898110001B414B /* HTMLArchiving_Mac */,
				B504E6661A89690C001B414B /* Combined Framework */,
				B5088BEA21CDE14F00A1446C /* TestHarness_Mac */,
				B53BACCA21CEDDCB00176B16 /* MacTests */,
				B515E0B522FB9634002C6DBD /* ParseHTML */,
			);
		};
/* End PBXProject section */

/* Begin PBXResourcesBuildPhase section */
		B504E6441A8968DC001B414B /* Resources */ = {
			isa = PBXResourcesBuildPhase;
			buildActionMask = 2147483647;
			files = (
				B5088B5C21CDC36300A1446C /* archived_response.dat in Resources */,
			);
			runOnlyForDeploymentPostprocessing = 0;
		};
		B504E6AD1A898110001B414B /* Resources */ = {
			isa = PBXResourcesBuildPhase;
			buildActionMask = 2147483647;
			files = (
				B5088B5D21CDC36300A1446C /* archived_response.dat in Resources */,
			);
			runOnlyForDeploymentPostprocessing = 0;
		};
		B5088BE921CDE14F00A1446C /* Resources */ = {
			isa = PBXResourcesBuildPhase;
			buildActionMask = 2147483647;
			files = (
				B5088BF021CDE15000A1446C /* Assets.xcassets in Resources */,
				B5088BF321CDE15000A1446C /* MainMenu.xib in Resources */,
			);
			runOnlyForDeploymentPostprocessing = 0;
		};
		B515E0B422FB9634002C6DBD /* Resources */ = {
			isa = PBXResourcesBuildPhase;
			buildActionMask = 2147483647;
			files = (
			);
			runOnlyForDeploymentPostprocessing = 0;
		};
		B53BACC921CEDDCB00176B16 /* Resources */ = {
			isa = PBXResourcesBuildPhase;
			buildActionMask = 2147483647;
			files = (
				B53BACD821CEE27000176B16 /* parsertest.html in Resources */,
			);
			runOnlyForDeploymentPostprocessing = 0;
		};
/* End PBXResourcesBuildPhase section */

/* Begin PBXShellScriptBuildPhase section */
		B504E66B1A89698A001B414B /* ShellScript */ = {
			isa = PBXShellScriptBuildPhase;
			buildActionMask = 2147483647;
			files = (
			);
			inputPaths = (
			);
			outputPaths = (
			);
			runOnlyForDeploymentPostprocessing = 0;
			shellPath = /bin/sh;
			shellScript = ./HTMLArchiving/BuildFramework.sh;
		};
/* End PBXShellScriptBuildPhase section */

/* Begin PBXSourcesBuildPhase section */
		B504E6411A8968DC001B414B /* Sources */ = {
			isa = PBXSourcesBuildPhase;
			buildActionMask = 2147483647;
			files = (
				B5A0F8C922BD43CA00CA2BCE /* HTMLArchivedResource.swift in Sources */,
				B5A0F8D722BD43CA00CA2BCE /* WKWebView+Tome.swift in Sources */,
				B5A0F8CF22BD43CA00CA2BCE /* HTMLArchive.swift in Sources */,
				B5A0F8D322BD43CA00CA2BCE /* SelfContainedUIWebView.swift in Sources */,
				B5A0F8CD22BD43CA00CA2BCE /* HTMLArchivedFrame.swift in Sources */,
				B5A0F8D922BD43CA00CA2BCE /* SelfContainedWKWebView.swift in Sources */,
				B5A0F8D522BD43CA00CA2BCE /* HTMLArchiver.swift in Sources */,
				B5A0F8D122BD43CA00CA2BCE /* BundledPageData.swift in Sources */,
				B5A0F8CB22BD43CA00CA2BCE /* String+Extensions.swift in Sources */,
			);
			runOnlyForDeploymentPostprocessing = 0;
		};
		B504E6AA1A898110001B414B /* Sources */ = {
			isa = PBXSourcesBuildPhase;
			buildActionMask = 2147483647;
			files = (
				B5A0F8CA22BD43CA00CA2BCE /* HTMLArchivedResource.swift in Sources */,
				B5A0F8D822BD43CA00CA2BCE /* WKWebView+Tome.swift in Sources */,
				B5A0F8D022BD43CA00CA2BCE /* HTMLArchive.swift in Sources */,
				B5A0F8D422BD43CA00CA2BCE /* SelfContainedUIWebView.swift in Sources */,
				B5A0F8CE22BD43CA00CA2BCE /* HTMLArchivedFrame.swift in Sources */,
				B5A0F8DA22BD43CA00CA2BCE /* SelfContainedWKWebView.swift in Sources */,
				B5A0F8D622BD43CA00CA2BCE /* HTMLArchiver.swift in Sources */,
				B5A0F8D222BD43CA00CA2BCE /* BundledPageData.swift in Sources */,
				B5A0F8CC22BD43CA00CA2BCE /* String+Extensions.swift in Sources */,
			);
			runOnlyForDeploymentPostprocessing = 0;
		};
		B5088BE721CDE14F00A1446C /* Sources */ = {
			isa = PBXSourcesBuildPhase;
			buildActionMask = 2147483647;
			files = (
				B5088BEE21CDE14F00A1446C /* AppDelegate.swift in Sources */,
			);
			runOnlyForDeploymentPostprocessing = 0;
		};
		B515E0B222FB9634002C6DBD /* Sources */ = {
			isa = PBXSourcesBuildPhase;
			buildActionMask = 2147483647;
			files = (
				B515E0E522FB965F002C6DBD /* HTMLNode.m in Sources */,
				B515E0D222FB965F002C6DBD /* HTMLComment.m in Sources */,
				B515E0DA22FB965F002C6DBD /* HTMLEncoding.m in Sources */,
				B515E0CF22FB965F002C6DBD /* HTMLTokenizer.m in Sources */,
				B515E0DC22FB965F002C6DBD /* HTMLString.m in Sources */,
				B515E0E222FB965F002C6DBD /* HTMLPreprocessedInputStream.m in Sources */,
				B515E0DE22FB965F002C6DBD /* HTMLSelector.m in Sources */,
				B515E0D522FB965F002C6DBD /* HTMLDocument.m in Sources */,
				B515E0BE22FB965F002C6DBD /* CSSParser.m in Sources */,
				B515E0D322FB965F002C6DBD /* HTMLTreeEnumerator.m in Sources */,
				B515E0D722FB965F002C6DBD /* HTMLSerialization.m in Sources */,
				B515E0DB22FB965F002C6DBD /* HTMLElement.m in Sources */,
				B515E0C322FB965F002C6DBD /* HTMLParser.m in Sources */,
				B515E0E322FB965F002C6DBD /* HTMLOrderedDictionary.m in Sources */,
				B515E0D422FB965F002C6DBD /* HTMLDocumentType.m in Sources */,
				B515E0D822FB965F002C6DBD /* NSString+HTMLEntities.m in Sources */,
				B515E0C622FB965F002C6DBD /* HTMLTextNode.m in Sources */,
				B515E0BF22FB965F002C6DBD /* CSSTokens.m in Sources */,
				B515E0C222FB965F002C6DBD /* CSSTokenizer.m in Sources */,
				B515E0CB22FB965F002C6DBD /* HTMLEntities.m in Sources */,
			);
			runOnlyForDeploymentPostprocessing = 0;
		};
		B53BACC721CEDDCB00176B16 /* Sources */ = {
			isa = PBXSourcesBuildPhase;
			buildActionMask = 2147483647;
			files = (
				B53BACCE21CEDDCB00176B16 /* MacTests.swift in Sources */,
			);
			runOnlyForDeploymentPostprocessing = 0;
		};
/* End PBXSourcesBuildPhase section */

/* Begin PBXTargetDependency section */
		B5088BFA21CDE15B00A1446C /* PBXTargetDependency */ = {
			isa = PBXTargetDependency;
			target = B504E6AE1A898110001B414B /* HTMLArchiving_Mac */;
			targetProxy = B5088BF921CDE15B00A1446C /* PBXContainerItemProxy */;
		};
		B515E0EB22FB98B2002C6DBD /* PBXTargetDependency */ = {
			isa = PBXTargetDependency;
			target = B515E0B522FB9634002C6DBD /* ParseHTML */;
			targetProxy = B515E0EA22FB98B2002C6DBD /* PBXContainerItemProxy */;
		};
		B53BACD121CEDDCB00176B16 /* PBXTargetDependency */ = {
			isa = PBXTargetDependency;
			target = B5088BEA21CDE14F00A1446C /* TestHarness_Mac */;
			targetProxy = B53BACD021CEDDCB00176B16 /* PBXContainerItemProxy */;
		};
/* End PBXTargetDependency section */

/* Begin PBXVariantGroup section */
		B5088BF121CDE15000A1446C /* MainMenu.xib */ = {
			isa = PBXVariantGroup;
			children = (
				B5088BF221CDE15000A1446C /* Base */,
			);
			name = MainMenu.xib;
			sourceTree = "<group>";
		};
/* End PBXVariantGroup section */

/* Begin XCBuildConfiguration section */
		B504E6301A89230F001B414B /* Debug */ = {
			isa = XCBuildConfiguration;
			buildSettings = {
				ALWAYS_SEARCH_USER_PATHS = NO;
				APPLICATION_EXTENSION_API_ONLY = YES;
				CLANG_ALLOW_NON_MODULAR_INCLUDES_IN_FRAMEWORK_MODULES = YES;
				CLANG_CXX_LANGUAGE_STANDARD = "gnu++0x";
				CLANG_CXX_LIBRARY = "libc++";
				CLANG_ENABLE_MODULES = YES;
				CLANG_ENABLE_OBJC_ARC = YES;
				CLANG_WARN_BLOCK_CAPTURE_AUTORELEASING = YES;
				CLANG_WARN_BOOL_CONVERSION = YES;
				CLANG_WARN_COMMA = YES;
				CLANG_WARN_CONSTANT_CONVERSION = YES;
				CLANG_WARN_DEPRECATED_OBJC_IMPLEMENTATIONS = YES;
				CLANG_WARN_DIRECT_OBJC_ISA_USAGE = YES_ERROR;
				CLANG_WARN_EMPTY_BODY = YES;
				CLANG_WARN_ENUM_CONVERSION = YES;
				CLANG_WARN_INFINITE_RECURSION = YES;
				CLANG_WARN_INT_CONVERSION = YES;
				CLANG_WARN_NON_LITERAL_NULL_CONVERSION = YES;
				CLANG_WARN_OBJC_IMPLICIT_RETAIN_SELF = YES;
				CLANG_WARN_OBJC_LITERAL_CONVERSION = YES;
				CLANG_WARN_OBJC_ROOT_CLASS = YES_ERROR;
				CLANG_WARN_RANGE_LOOP_ANALYSIS = YES;
				CLANG_WARN_STRICT_PROTOTYPES = YES;
				CLANG_WARN_SUSPICIOUS_MOVE = YES;
				CLANG_WARN_UNREACHABLE_CODE = YES;
				CLANG_WARN__DUPLICATE_METHOD_MATCH = YES;
				CODE_SIGN_IDENTITY = "iPhone Developer";
				COPY_PHASE_STRIP = NO;
				ENABLE_BITCODE = NO;
				ENABLE_STRICT_OBJC_MSGSEND = YES;
				ENABLE_TESTABILITY = YES;
				GCC_C_LANGUAGE_STANDARD = gnu99;
				GCC_DYNAMIC_NO_PIC = NO;
				GCC_NO_COMMON_BLOCKS = YES;
				GCC_OPTIMIZATION_LEVEL = 0;
				GCC_PREPROCESSOR_DEFINITIONS = (
					"DEBUG=1",
					"$(inherited)",
				);
				GCC_SYMBOLS_PRIVATE_EXTERN = NO;
				GCC_WARN_64_TO_32_BIT_CONVERSION = YES;
				GCC_WARN_ABOUT_RETURN_TYPE = YES_ERROR;
				GCC_WARN_UNDECLARED_SELECTOR = YES;
				GCC_WARN_UNINITIALIZED_AUTOS = YES_AGGRESSIVE;
				GCC_WARN_UNUSED_FUNCTION = YES;
				GCC_WARN_UNUSED_VARIABLE = YES;
				IPHONEOS_DEPLOYMENT_TARGET = 11.0;
				MACOSX_DEPLOYMENT_TARGET = 10.12;
				MTL_ENABLE_DEBUG_INFO = YES;
				ONLY_ACTIVE_ARCH = YES;
				SDKROOT = iphoneos;
				SWIFT_OPTIMIZATION_LEVEL = "-Onone";
				SWIFT_VERSION = 4.0;
			};
			name = Debug;
		};
		B504E6311A89230F001B414B /* Release */ = {
			isa = XCBuildConfiguration;
			buildSettings = {
				ALWAYS_SEARCH_USER_PATHS = NO;
				APPLICATION_EXTENSION_API_ONLY = YES;
				CLANG_ALLOW_NON_MODULAR_INCLUDES_IN_FRAMEWORK_MODULES = YES;
				CLANG_CXX_LANGUAGE_STANDARD = "gnu++0x";
				CLANG_CXX_LIBRARY = "libc++";
				CLANG_ENABLE_MODULES = YES;
				CLANG_ENABLE_OBJC_ARC = YES;
				CLANG_WARN_BLOCK_CAPTURE_AUTORELEASING = YES;
				CLANG_WARN_BOOL_CONVERSION = YES;
				CLANG_WARN_COMMA = YES;
				CLANG_WARN_CONSTANT_CONVERSION = YES;
				CLANG_WARN_DEPRECATED_OBJC_IMPLEMENTATIONS = YES;
				CLANG_WARN_DIRECT_OBJC_ISA_USAGE = YES_ERROR;
				CLANG_WARN_EMPTY_BODY = YES;
				CLANG_WARN_ENUM_CONVERSION = YES;
				CLANG_WARN_INFINITE_RECURSION = YES;
				CLANG_WARN_INT_CONVERSION = YES;
				CLANG_WARN_NON_LITERAL_NULL_CONVERSION = YES;
				CLANG_WARN_OBJC_IMPLICIT_RETAIN_SELF = YES;
				CLANG_WARN_OBJC_LITERAL_CONVERSION = YES;
				CLANG_WARN_OBJC_ROOT_CLASS = YES_ERROR;
				CLANG_WARN_RANGE_LOOP_ANALYSIS = YES;
				CLANG_WARN_STRICT_PROTOTYPES = YES;
				CLANG_WARN_SUSPICIOUS_MOVE = YES;
				CLANG_WARN_UNREACHABLE_CODE = YES;
				CLANG_WARN__DUPLICATE_METHOD_MATCH = YES;
				CODE_SIGN_IDENTITY = "iPhone Developer";
				COPY_PHASE_STRIP = YES;
				ENABLE_BITCODE = NO;
				ENABLE_NS_ASSERTIONS = NO;
				ENABLE_STRICT_OBJC_MSGSEND = YES;
				GCC_C_LANGUAGE_STANDARD = gnu99;
				GCC_NO_COMMON_BLOCKS = YES;
				GCC_WARN_64_TO_32_BIT_CONVERSION = YES;
				GCC_WARN_ABOUT_RETURN_TYPE = YES_ERROR;
				GCC_WARN_UNDECLARED_SELECTOR = YES;
				GCC_WARN_UNINITIALIZED_AUTOS = YES_AGGRESSIVE;
				GCC_WARN_UNUSED_FUNCTION = YES;
				GCC_WARN_UNUSED_VARIABLE = YES;
				IPHONEOS_DEPLOYMENT_TARGET = 11.0;
				MACOSX_DEPLOYMENT_TARGET = 10.12;
				MTL_ENABLE_DEBUG_INFO = NO;
				SDKROOT = iphoneos;
				SWIFT_COMPILATION_MODE = wholemodule;
				SWIFT_OPTIMIZATION_LEVEL = "-O";
				SWIFT_VERSION = 4.0;
				VALIDATE_PRODUCT = YES;
			};
			name = Release;
		};
		B504E6601A8968DC001B414B /* Debug */ = {
			isa = XCBuildConfiguration;
			buildSettings = {
				APPLICATION_EXTENSION_API_ONLY = YES;
				CLANG_ENABLE_MODULES = YES;
				"CODE_SIGN_IDENTITY[sdk=iphoneos*]" = "";
				CURRENT_PROJECT_VERSION = 1;
				DEFINES_MODULE = YES;
				DYLIB_COMPATIBILITY_VERSION = 1;
				DYLIB_CURRENT_VERSION = 1;
				DYLIB_INSTALL_NAME_BASE = "@rpath";
				ENABLE_BITCODE = YES;
				FRAMEWORK_SEARCH_PATHS = (
					"$(inherited)",
				);
				GCC_PREPROCESSOR_DEFINITIONS = (
					"DEBUG=1",
					"$(inherited)",
				);
				INFOPLIST_FILE = HTMLArchiving/iOS/Info.plist;
				INSTALL_PATH = "$(LOCAL_LIBRARY_DIR)/Frameworks";
				LD_RUNPATH_SEARCH_PATHS = (
					"$(inherited)",
					"@executable_path/Frameworks",
					"@loader_path/Frameworks",
				);
				PRODUCT_BUNDLE_IDENTIFIER = "com.standalone.$(PRODUCT_NAME:rfc1034identifier)";
				PRODUCT_NAME = HTMLArchiving;
				SKIP_INSTALL = YES;
				SUPPORTS_MACCATALYST = NO;
				SWIFT_INCLUDE_PATHS = "$(SRCROOT)/ParseHTML/Code";
				SWIFT_OPTIMIZATION_LEVEL = "-Onone";
				SWIFT_VERSION = 5.0;
				TARGETED_DEVICE_FAMILY = "1,2";
				VERSIONING_SYSTEM = "apple-generic";
				VERSION_INFO_PREFIX = "";
			};
			name = Debug;
		};
		B504E6611A8968DC001B414B /* Release */ = {
			isa = XCBuildConfiguration;
			buildSettings = {
				APPLICATION_EXTENSION_API_ONLY = YES;
				CLANG_ENABLE_MODULES = YES;
				"CODE_SIGN_IDENTITY[sdk=iphoneos*]" = "";
				CURRENT_PROJECT_VERSION = 1;
				DEFINES_MODULE = YES;
				DYLIB_COMPATIBILITY_VERSION = 1;
				DYLIB_CURRENT_VERSION = 1;
				DYLIB_INSTALL_NAME_BASE = "@rpath";
				ENABLE_BITCODE = YES;
				FRAMEWORK_SEARCH_PATHS = (
					"$(inherited)",
				);
				INFOPLIST_FILE = HTMLArchiving/iOS/Info.plist;
				INSTALL_PATH = "$(LOCAL_LIBRARY_DIR)/Frameworks";
				LD_RUNPATH_SEARCH_PATHS = (
					"$(inherited)",
					"@executable_path/Frameworks",
					"@loader_path/Frameworks",
				);
				PRODUCT_BUNDLE_IDENTIFIER = "com.standalone.$(PRODUCT_NAME:rfc1034identifier)";
				PRODUCT_NAME = HTMLArchiving;
				SKIP_INSTALL = YES;
				SUPPORTS_MACCATALYST = NO;
				SWIFT_COMPILATION_MODE = wholemodule;
				SWIFT_INCLUDE_PATHS = "$(SRCROOT)/ParseHTML/Code";
				SWIFT_OPTIMIZATION_LEVEL = "-O";
				SWIFT_VERSION = 5.0;
				TARGETED_DEVICE_FAMILY = "1,2";
				VERSIONING_SYSTEM = "apple-generic";
				VERSION_INFO_PREFIX = "";
			};
			name = Release;
		};
		B504E6681A89690C001B414B /* Debug */ = {
			isa = XCBuildConfiguration;
			buildSettings = {
				PRODUCT_NAME = "$(TARGET_NAME)";
				SWIFT_VERSION = 3.0;
			};
			name = Debug;
		};
		B504E6691A89690C001B414B /* Release */ = {
			isa = XCBuildConfiguration;
			buildSettings = {
				PRODUCT_NAME = "$(TARGET_NAME)";
				SWIFT_VERSION = 3.0;
			};
			name = Release;
		};
		B504E6C31A898111001B414B /* Debug */ = {
			isa = XCBuildConfiguration;
			buildSettings = {
				CLANG_ENABLE_MODULES = YES;
				CODE_SIGN_IDENTITY = "";
				COMBINE_HIDPI_IMAGES = YES;
				CURRENT_PROJECT_VERSION = 1;
				DEFINES_MODULE = YES;
				DYLIB_COMPATIBILITY_VERSION = 1;
				DYLIB_CURRENT_VERSION = 1;
				DYLIB_INSTALL_NAME_BASE = "@rpath";
				FRAMEWORK_SEARCH_PATHS = (
					"$(inherited)",
					"$(PROJECT_DIR)/Frameworks/Mac",
				);
				FRAMEWORK_VERSION = A;
				GCC_PREPROCESSOR_DEFINITIONS = (
					"DEBUG=1",
					"$(inherited)",
				);
				INFOPLIST_FILE = HTMLArchiving/Mac/Info.plist;
				INSTALL_PATH = "$(LOCAL_LIBRARY_DIR)/Frameworks";
				LD_RUNPATH_SEARCH_PATHS = (
					"$(inherited)",
					"@executable_path/../Frameworks",
					"@loader_path/Frameworks",
				);
				PRODUCT_BUNDLE_IDENTIFIER = "com.standalone.$(PRODUCT_NAME:rfc1034identifier)";
				PRODUCT_NAME = HTMLArchiving;
				SDKROOT = macosx;
				SKIP_INSTALL = YES;
				SWIFT_INCLUDE_PATHS = "$(SRCROOT)/ParseHTML/Code";
				SWIFT_OPTIMIZATION_LEVEL = "-Onone";
				SWIFT_VERSION = 5.0;
				VERSIONING_SYSTEM = "apple-generic";
				VERSION_INFO_PREFIX = "";
			};
			name = Debug;
		};
		B504E6C41A898111001B414B /* Release */ = {
			isa = XCBuildConfiguration;
			buildSettings = {
				CLANG_ENABLE_MODULES = YES;
				CODE_SIGN_IDENTITY = "";
				COMBINE_HIDPI_IMAGES = YES;
				CURRENT_PROJECT_VERSION = 1;
				DEBUG_INFORMATION_FORMAT = "dwarf-with-dsym";
				DEFINES_MODULE = YES;
				DYLIB_COMPATIBILITY_VERSION = 1;
				DYLIB_CURRENT_VERSION = 1;
				DYLIB_INSTALL_NAME_BASE = "@rpath";
				FRAMEWORK_SEARCH_PATHS = (
					"$(inherited)",
					"$(PROJECT_DIR)/Frameworks/Mac",
				);
				FRAMEWORK_VERSION = A;
				INFOPLIST_FILE = HTMLArchiving/Mac/Info.plist;
				INSTALL_PATH = "$(LOCAL_LIBRARY_DIR)/Frameworks";
				LD_RUNPATH_SEARCH_PATHS = (
					"$(inherited)",
					"@executable_path/../Frameworks",
					"@loader_path/Frameworks",
				);
				PRODUCT_BUNDLE_IDENTIFIER = "com.standalone.$(PRODUCT_NAME:rfc1034identifier)";
				PRODUCT_NAME = HTMLArchiving;
				SDKROOT = macosx;
				SKIP_INSTALL = YES;
				SWIFT_INCLUDE_PATHS = "$(SRCROOT)/ParseHTML/Code";
				SWIFT_VERSION = 5.0;
				VERSIONING_SYSTEM = "apple-generic";
				VERSION_INFO_PREFIX = "";
			};
			name = Release;
		};
		B5088BF721CDE15000A1446C /* Debug */ = {
			isa = XCBuildConfiguration;
			buildSettings = {
				ALWAYS_EMBED_SWIFT_STANDARD_LIBRARIES = YES;
				ASSETCATALOG_COMPILER_APPICON_NAME = AppIcon;
				CLANG_ANALYZER_NONNULL = YES;
				CLANG_ANALYZER_NUMBER_OBJECT_CONVERSION = YES_AGGRESSIVE;
				CLANG_CXX_LANGUAGE_STANDARD = "gnu++14";
				CLANG_ENABLE_OBJC_WEAK = YES;
				CLANG_WARN_DOCUMENTATION_COMMENTS = YES;
				CLANG_WARN_UNGUARDED_AVAILABILITY = YES_AGGRESSIVE;
				CODE_SIGN_IDENTITY = "Mac Developer";
				CODE_SIGN_STYLE = Automatic;
				COMBINE_HIDPI_IMAGES = YES;
				DEBUG_INFORMATION_FORMAT = dwarf;
				DEVELOPMENT_TEAM = YY6CWUX533;
				ENABLE_HARDENED_RUNTIME = YES;
				GCC_C_LANGUAGE_STANDARD = gnu11;
				INFOPLIST_FILE = TestHarness_Mac/Info.plist;
				LD_RUNPATH_SEARCH_PATHS = (
					"$(inherited)",
					"@executable_path/../Frameworks",
				);
				MACOSX_DEPLOYMENT_TARGET = 10.14;
				MTL_ENABLE_DEBUG_INFO = INCLUDE_SOURCE;
				MTL_FAST_MATH = YES;
				PRODUCT_BUNDLE_IDENTIFIER = "com.standalone.TestHarness-Mac";
				PRODUCT_NAME = "$(TARGET_NAME)";
				SDKROOT = macosx;
				SWIFT_ACTIVE_COMPILATION_CONDITIONS = DEBUG;
				SWIFT_VERSION = 4.2;
			};
			name = Debug;
		};
		B5088BF821CDE15000A1446C /* Release */ = {
			isa = XCBuildConfiguration;
			buildSettings = {
				ALWAYS_EMBED_SWIFT_STANDARD_LIBRARIES = YES;
				ASSETCATALOG_COMPILER_APPICON_NAME = AppIcon;
				CLANG_ANALYZER_NONNULL = YES;
				CLANG_ANALYZER_NUMBER_OBJECT_CONVERSION = YES_AGGRESSIVE;
				CLANG_CXX_LANGUAGE_STANDARD = "gnu++14";
				CLANG_ENABLE_OBJC_WEAK = YES;
				CLANG_WARN_DOCUMENTATION_COMMENTS = YES;
				CLANG_WARN_UNGUARDED_AVAILABILITY = YES_AGGRESSIVE;
				CODE_SIGN_IDENTITY = "Mac Developer";
				CODE_SIGN_STYLE = Automatic;
				COMBINE_HIDPI_IMAGES = YES;
				COPY_PHASE_STRIP = NO;
				DEBUG_INFORMATION_FORMAT = "dwarf-with-dsym";
				DEVELOPMENT_TEAM = YY6CWUX533;
				ENABLE_HARDENED_RUNTIME = YES;
				GCC_C_LANGUAGE_STANDARD = gnu11;
				INFOPLIST_FILE = TestHarness_Mac/Info.plist;
				LD_RUNPATH_SEARCH_PATHS = (
					"$(inherited)",
					"@executable_path/../Frameworks",
				);
				MACOSX_DEPLOYMENT_TARGET = 10.14;
				MTL_FAST_MATH = YES;
				PRODUCT_BUNDLE_IDENTIFIER = "com.standalone.TestHarness-Mac";
				PRODUCT_NAME = "$(TARGET_NAME)";
				SDKROOT = macosx;
				SWIFT_VERSION = 4.2;
			};
			name = Release;
		};
		B515E0BC22FB9634002C6DBD /* Debug */ = {
			isa = XCBuildConfiguration;
			buildSettings = {
				CLANG_ANALYZER_NONNULL = YES;
				CLANG_ANALYZER_NUMBER_OBJECT_CONVERSION = YES_AGGRESSIVE;
				CLANG_CXX_LANGUAGE_STANDARD = "gnu++14";
				CLANG_ENABLE_OBJC_WEAK = YES;
				CLANG_WARN_DOCUMENTATION_COMMENTS = YES;
				CLANG_WARN_UNGUARDED_AVAILABILITY = YES_AGGRESSIVE;
				CODE_SIGN_STYLE = Automatic;
				CURRENT_PROJECT_VERSION = 1;
				DEBUG_INFORMATION_FORMAT = dwarf;
				DEFINES_MODULE = YES;
				DEVELOPMENT_TEAM = YY6CWUX533;
				DYLIB_COMPATIBILITY_VERSION = 1;
				DYLIB_CURRENT_VERSION = 1;
				DYLIB_INSTALL_NAME_BASE = "@rpath";
				GCC_C_LANGUAGE_STANDARD = gnu11;
				INFOPLIST_FILE = ParseHTML/Info.plist;
				INSTALL_PATH = "$(LOCAL_LIBRARY_DIR)/Frameworks";
				IPHONEOS_DEPLOYMENT_TARGET = 13.0;
				LD_RUNPATH_SEARCH_PATHS = (
					"$(inherited)",
					"@executable_path/Frameworks",
					"@loader_path/Frameworks",
				);
				MTL_ENABLE_DEBUG_INFO = INCLUDE_SOURCE;
				MTL_FAST_MATH = YES;
				PRODUCT_BUNDLE_IDENTIFIER = com.standalone.ParseHTML;
				PRODUCT_NAME = "$(TARGET_NAME:c99extidentifier)";
				SKIP_INSTALL = YES;
				SUPPORTS_MACCATALYST = NO;
				TARGETED_DEVICE_FAMILY = "1,2";
				VERSIONING_SYSTEM = "apple-generic";
				VERSION_INFO_PREFIX = "";
			};
			name = Debug;
		};
		B515E0BD22FB9634002C6DBD /* Release */ = {
			isa = XCBuildConfiguration;
			buildSettings = {
				CLANG_ANALYZER_NONNULL = YES;
				CLANG_ANALYZER_NUMBER_OBJECT_CONVERSION = YES_AGGRESSIVE;
				CLANG_CXX_LANGUAGE_STANDARD = "gnu++14";
				CLANG_ENABLE_OBJC_WEAK = YES;
				CLANG_WARN_DOCUMENTATION_COMMENTS = YES;
				CLANG_WARN_UNGUARDED_AVAILABILITY = YES_AGGRESSIVE;
				CODE_SIGN_STYLE = Automatic;
				COPY_PHASE_STRIP = NO;
				CURRENT_PROJECT_VERSION = 1;
				DEBUG_INFORMATION_FORMAT = "dwarf-with-dsym";
				DEFINES_MODULE = YES;
				DEVELOPMENT_TEAM = YY6CWUX533;
				DYLIB_COMPATIBILITY_VERSION = 1;
				DYLIB_CURRENT_VERSION = 1;
				DYLIB_INSTALL_NAME_BASE = "@rpath";
				GCC_C_LANGUAGE_STANDARD = gnu11;
				INFOPLIST_FILE = ParseHTML/Info.plist;
				INSTALL_PATH = "$(LOCAL_LIBRARY_DIR)/Frameworks";
				IPHONEOS_DEPLOYMENT_TARGET = 13.0;
				LD_RUNPATH_SEARCH_PATHS = (
					"$(inherited)",
					"@executable_path/Frameworks",
					"@loader_path/Frameworks",
				);
				MTL_FAST_MATH = YES;
				PRODUCT_BUNDLE_IDENTIFIER = com.standalone.ParseHTML;
				PRODUCT_NAME = "$(TARGET_NAME:c99extidentifier)";
				SKIP_INSTALL = YES;
				SUPPORTS_MACCATALYST = NO;
				TARGETED_DEVICE_FAMILY = "1,2";
				VERSIONING_SYSTEM = "apple-generic";
				VERSION_INFO_PREFIX = "";
			};
			name = Release;
		};
		B53BACD321CEDDCB00176B16 /* Debug */ = {
			isa = XCBuildConfiguration;
			buildSettings = {
				BUNDLE_LOADER = "$(TEST_HOST)";
				CLANG_ANALYZER_NONNULL = YES;
				CLANG_ANALYZER_NUMBER_OBJECT_CONVERSION = YES_AGGRESSIVE;
				CLANG_CXX_LANGUAGE_STANDARD = "gnu++14";
				CLANG_ENABLE_OBJC_WEAK = YES;
				CLANG_WARN_DOCUMENTATION_COMMENTS = YES;
				CLANG_WARN_UNGUARDED_AVAILABILITY = YES_AGGRESSIVE;
				CODE_SIGN_IDENTITY = "Mac Developer";
				CODE_SIGN_STYLE = Automatic;
				COMBINE_HIDPI_IMAGES = YES;
				DEBUG_INFORMATION_FORMAT = dwarf;
				DEVELOPMENT_TEAM = YY6CWUX533;
				GCC_C_LANGUAGE_STANDARD = gnu11;
				INFOPLIST_FILE = MacTests/Info.plist;
				LD_RUNPATH_SEARCH_PATHS = (
					"$(inherited)",
					"@executable_path/../Frameworks",
					"@loader_path/../Frameworks",
				);
				MACOSX_DEPLOYMENT_TARGET = 10.14;
				MTL_ENABLE_DEBUG_INFO = INCLUDE_SOURCE;
				MTL_FAST_MATH = YES;
				PRODUCT_BUNDLE_IDENTIFIER = com.standalone.MacTests;
				PRODUCT_NAME = "$(TARGET_NAME)";
				SDKROOT = macosx;
				SWIFT_ACTIVE_COMPILATION_CONDITIONS = DEBUG;
				SWIFT_VERSION = 4.2;
				TEST_HOST = "$(BUILT_PRODUCTS_DIR)/TestHarness_Mac.app/Contents/MacOS/TestHarness_Mac";
			};
			name = Debug;
		};
		B53BACD421CEDDCB00176B16 /* Release */ = {
			isa = XCBuildConfiguration;
			buildSettings = {
				BUNDLE_LOADER = "$(TEST_HOST)";
				CLANG_ANALYZER_NONNULL = YES;
				CLANG_ANALYZER_NUMBER_OBJECT_CONVERSION = YES_AGGRESSIVE;
				CLANG_CXX_LANGUAGE_STANDARD = "gnu++14";
				CLANG_ENABLE_OBJC_WEAK = YES;
				CLANG_WARN_DOCUMENTATION_COMMENTS = YES;
				CLANG_WARN_UNGUARDED_AVAILABILITY = YES_AGGRESSIVE;
				CODE_SIGN_IDENTITY = "Mac Developer";
				CODE_SIGN_STYLE = Automatic;
				COMBINE_HIDPI_IMAGES = YES;
				COPY_PHASE_STRIP = NO;
				DEBUG_INFORMATION_FORMAT = "dwarf-with-dsym";
				DEVELOPMENT_TEAM = YY6CWUX533;
				GCC_C_LANGUAGE_STANDARD = gnu11;
				INFOPLIST_FILE = MacTests/Info.plist;
				LD_RUNPATH_SEARCH_PATHS = (
					"$(inherited)",
					"@executable_path/../Frameworks",
					"@loader_path/../Frameworks",
				);
				MACOSX_DEPLOYMENT_TARGET = 10.14;
				MTL_FAST_MATH = YES;
				PRODUCT_BUNDLE_IDENTIFIER = com.standalone.MacTests;
				PRODUCT_NAME = "$(TARGET_NAME)";
				SDKROOT = macosx;
				SWIFT_VERSION = 4.2;
				TEST_HOST = "$(BUILT_PRODUCTS_DIR)/TestHarness_Mac.app/Contents/MacOS/TestHarness_Mac";
			};
			name = Release;
		};
/* End XCBuildConfiguration section */

/* Begin XCConfigurationList section */
		B504E60E1A89230F001B414B /* Build configuration list for PBXProject "HTMLArchiving" */ = {
			isa = XCConfigurationList;
			buildConfigurations = (
				B504E6301A89230F001B414B /* Debug */,
				B504E6311A89230F001B414B /* Release */,
			);
			defaultConfigurationIsVisible = 0;
			defaultConfigurationName = Release;
		};
		B504E65F1A8968DC001B414B /* Build configuration list for PBXNativeTarget "HTMLArchiving_iOS" */ = {
			isa = XCConfigurationList;
			buildConfigurations = (
				B504E6601A8968DC001B414B /* Debug */,
				B504E6611A8968DC001B414B /* Release */,
			);
			defaultConfigurationIsVisible = 0;
			defaultConfigurationName = Release;
		};
		B504E6671A89690C001B414B /* Build configuration list for PBXAggregateTarget "Combined Framework" */ = {
			isa = XCConfigurationList;
			buildConfigurations = (
				B504E6681A89690C001B414B /* Debug */,
				B504E6691A89690C001B414B /* Release */,
			);
			defaultConfigurationIsVisible = 0;
			defaultConfigurationName = Release;
		};
		B504E6C21A898111001B414B /* Build configuration list for PBXNativeTarget "HTMLArchiving_Mac" */ = {
			isa = XCConfigurationList;
			buildConfigurations = (
				B504E6C31A898111001B414B /* Debug */,
				B504E6C41A898111001B414B /* Release */,
			);
			defaultConfigurationIsVisible = 0;
			defaultConfigurationName = Release;
		};
		B5088BF621CDE15000A1446C /* Build configuration list for PBXNativeTarget "TestHarness_Mac" */ = {
			isa = XCConfigurationList;
			buildConfigurations = (
				B5088BF721CDE15000A1446C /* Debug */,
				B5088BF821CDE15000A1446C /* Release */,
			);
			defaultConfigurationIsVisible = 0;
			defaultConfigurationName = Release;
		};
		B515E0BB22FB9634002C6DBD /* Build configuration list for PBXNativeTarget "ParseHTML" */ = {
			isa = XCConfigurationList;
			buildConfigurations = (
				B515E0BC22FB9634002C6DBD /* Debug */,
				B515E0BD22FB9634002C6DBD /* Release */,
			);
			defaultConfigurationIsVisible = 0;
			defaultConfigurationName = Release;
		};
		B53BACD221CEDDCB00176B16 /* Build configuration list for PBXNativeTarget "MacTests" */ = {
			isa = XCConfigurationList;
			buildConfigurations = (
				B53BACD321CEDDCB00176B16 /* Debug */,
				B53BACD421CEDDCB00176B16 /* Release */,
			);
			defaultConfigurationIsVisible = 0;
			defaultConfigurationName = Release;
		};
/* End XCConfigurationList section */

/* Begin XCRemoteSwiftPackageReference section */
		B575085322FB879F003D6909 /* XCRemoteSwiftPackageReference "plug" */ = {
			isa = XCRemoteSwiftPackageReference;
			repositoryURL = "http://github.com/bengottlieb/plug.git";
			requirement = {
				branch = master;
				kind = branch;
			};
		};
		B575085622FB87AF003D6909 /* XCRemoteSwiftPackageReference "CrossPlatformKit" */ = {
			isa = XCRemoteSwiftPackageReference;
			repositoryURL = "https://github.com/bengottlieb/CrossPlatformKit.git";
			requirement = {
				branch = master;
				kind = branch;
			};
		};
		B575085922FB87CD003D6909 /* XCRemoteSwiftPackageReference "Gulliver" */ = {
			isa = XCRemoteSwiftPackageReference;
			repositoryURL = "https://bengottlieb@github.com/standalone/Gulliver.git";
			requirement = {
				kind = upToNextMajorVersion;
				minimumVersion = 1.0.3;
			};
		};
/* End XCRemoteSwiftPackageReference section */

/* Begin XCSwiftPackageProductDependency section */
		B575085422FB879F003D6909 /* Plug */ = {
			isa = XCSwiftPackageProductDependency;
			package = B575085322FB879F003D6909 /* XCRemoteSwiftPackageReference "plug" */;
			productName = Plug;
		};
		B575085722FB87AF003D6909 /* CrossPlatformKit */ = {
			isa = XCSwiftPackageProductDependency;
			package = B575085622FB87AF003D6909 /* XCRemoteSwiftPackageReference "CrossPlatformKit" */;
			productName = CrossPlatformKit;
		};
		B575085A22FB87CD003D6909 /* GulliverMac */ = {
			isa = XCSwiftPackageProductDependency;
			package = B575085922FB87CD003D6909 /* XCRemoteSwiftPackageReference "Gulliver" */;
			productName = GulliverMac;
		};
		B575085C22FB87CD003D6909 /* Gulliver */ = {
			isa = XCSwiftPackageProductDependency;
			package = B575085922FB87CD003D6909 /* XCRemoteSwiftPackageReference "Gulliver" */;
			productName = Gulliver;
		};
		B575085E22FB87CD003D6909 /* GulliverUI */ = {
			isa = XCSwiftPackageProductDependency;
			package = B575085922FB87CD003D6909 /* XCRemoteSwiftPackageReference "Gulliver" */;
			productName = GulliverUI;
		};
/* End XCSwiftPackageProductDependency section */
	};
	rootObject = B504E60B1A89230F001B414B /* Project object */;
}
